
Microsoft Visual Studio Solution File, Format Version 12.00
# Visual Studio Version 17
VisualStudioVersion = 17.10.35122.118
MinimumVisualStudioVersion = 10.0.40219.1
Project("{2150E333-8FDC-42A3-9474-1A3956D46DE8}") = "NexBank.Account", "NexBank.Account", "{431BEB2D-BDA4-4AE9-B259-504EDCB80DCC}"
EndProject
Project("{2150E333-8FDC-42A3-9474-1A3956D46DE8}") = "src", "src", "{5922BCF5-E61C-4CBC-95C2-2559B3A23439}"
EndProject
Project("{2150E333-8FDC-42A3-9474-1A3956D46DE8}") = "tests", "tests", "{B4111999-5CE1-4499-8FB9-C90D56B7EDA3}"
EndProject
Project("{2150E333-8FDC-42A3-9474-1A3956D46DE8}") = "NexBank.Transaction", "NexBank.Transaction", "{A7032763-8998-4CBF-AF25-40A9684098FD}"
EndProject
Project("{2150E333-8FDC-42A3-9474-1A3956D46DE8}") = "src", "src", "{7C6ED313-BEDE-4AD9-B9DB-28F8F554EB5C}"
EndProject
Project("{2150E333-8FDC-42A3-9474-1A3956D46DE8}") = "tests", "tests", "{B194855D-B8AF-4D1B-A262-594A70172573}"
EndProject
Project("{9A19103F-16F7-4668-BE54-9A1E7A4F7556}") = "NexBank.API.Account", "NexBank.Account\src\NexBank.API.Account\NexBank.API.Account.csproj", "{001127ED-EA71-4105-8DDA-036599BF3BBD}"
EndProject
Project("{9A19103F-16F7-4668-BE54-9A1E7A4F7556}") = "NexBank.API.Domain", "NexBank.Account\src\NexBank.API.Domain\NexBank.API.Domain.csproj", "{26E6D640-0C56-4919-8E79-A1F7E640FFB3}"
EndProject
Project("{9A19103F-16F7-4668-BE54-9A1E7A4F7556}") = "NexBank.API.Infrastructure", "NexBank.Account\src\NexBank.API.Infrastructure\NexBank.API.Infrastructure.csproj", "{E56D056B-C00C-46E1-BBB2-A9BDB4987969}"
EndProject
Project("{9A19103F-16F7-4668-BE54-9A1E7A4F7556}") = "NexBank.Tests", "NexBank.Account\tests\NexBank.Tests\NexBank.Tests.csproj", "{87497B45-E811-49EB-B194-93CED1A93021}"
EndProject
Project("{2150E333-8FDC-42A3-9474-1A3956D46DE8}") = "NexBank.Login", "NexBank.Login", "{1BFE8118-6D05-49FB-921B-5A65AE5E106B}"
EndProject
Project("{2150E333-8FDC-42A3-9474-1A3956D46DE8}") = "src", "src", "{0CBB044A-8D39-4835-85E3-CA9CEA433C19}"
EndProject
Project("{2150E333-8FDC-42A3-9474-1A3956D46DE8}") = "tests", "tests", "{14983C35-FAC1-492A-948C-33AD4174CF36}"
EndProject
Global
	GlobalSection(SolutionConfigurationPlatforms) = preSolution
		Debug|Any CPU = Debug|Any CPU
		Release|Any CPU = Release|Any CPU
	EndGlobalSection
	GlobalSection(ProjectConfigurationPlatforms) = postSolution
		{001127ED-EA71-4105-8DDA-036599BF3BBD}.Debug|Any CPU.ActiveCfg = Debug|Any CPU
		{001127ED-EA71-4105-8DDA-036599BF3BBD}.Debug|Any CPU.Build.0 = Debug|Any CPU
		{001127ED-EA71-4105-8DDA-036599BF3BBD}.Release|Any CPU.ActiveCfg = Release|Any CPU
		{001127ED-EA71-4105-8DDA-036599BF3BBD}.Release|Any CPU.Build.0 = Release|Any CPU
		{26E6D640-0C56-4919-8E79-A1F7E640FFB3}.Debug|Any CPU.ActiveCfg = Debug|Any CPU
		{26E6D640-0C56-4919-8E79-A1F7E640FFB3}.Debug|Any CPU.Build.0 = Debug|Any CPU
		{26E6D640-0C56-4919-8E79-A1F7E640FFB3}.Release|Any CPU.ActiveCfg = Release|Any CPU
		{26E6D640-0C56-4919-8E79-A1F7E640FFB3}.Release|Any CPU.Build.0 = Release|Any CPU
		{E56D056B-C00C-46E1-BBB2-A9BDB4987969}.Debug|Any CPU.ActiveCfg = Debug|Any CPU
		{E56D056B-C00C-46E1-BBB2-A9BDB4987969}.Debug|Any CPU.Build.0 = Debug|Any CPU
		{E56D056B-C00C-46E1-BBB2-A9BDB4987969}.Release|Any CPU.ActiveCfg = Release|Any CPU
		{E56D056B-C00C-46E1-BBB2-A9BDB4987969}.Release|Any CPU.Build.0 = Release|Any CPU
		{87497B45-E811-49EB-B194-93CED1A93021}.Debug|Any CPU.ActiveCfg = Debug|Any CPU
		{87497B45-E811-49EB-B194-93CED1A93021}.Debug|Any CPU.Build.0 = Debug|Any CPU
		{87497B45-E811-49EB-B194-93CED1A93021}.Release|Any CPU.ActiveCfg = Release|Any CPU
		{87497B45-E811-49EB-B194-93CED1A93021}.Release|Any CPU.Build.0 = Release|Any CPU
	EndGlobalSection
	GlobalSection(SolutionProperties) = preSolution
		HideSolutionNode = FALSE
	EndGlobalSection
	GlobalSection(NestedProjects) = preSolution
		{5922BCF5-E61C-4CBC-95C2-2559B3A23439} = {431BEB2D-BDA4-4AE9-B259-504EDCB80DCC}
		{B4111999-5CE1-4499-8FB9-C90D56B7EDA3} = {431BEB2D-BDA4-4AE9-B259-504EDCB80DCC}
		{7C6ED313-BEDE-4AD9-B9DB-28F8F554EB5C} = {A7032763-8998-4CBF-AF25-40A9684098FD}
		{B194855D-B8AF-4D1B-A262-594A70172573} = {A7032763-8998-4CBF-AF25-40A9684098FD}
		{001127ED-EA71-4105-8DDA-036599BF3BBD} = {5922BCF5-E61C-4CBC-95C2-2559B3A23439}
		{26E6D640-0C56-4919-8E79-A1F7E640FFB3} = {5922BCF5-E61C-4CBC-95C2-2559B3A23439}
		{E56D056B-C00C-46E1-BBB2-A9BDB4987969} = {5922BCF5-E61C-4CBC-95C2-2559B3A23439}
		{87497B45-E811-49EB-B194-93CED1A93021} = {B4111999-5CE1-4499-8FB9-C90D56B7EDA3}
		{0CBB044A-8D39-4835-85E3-CA9CEA433C19} = {1BFE8118-6D05-49FB-921B-5A65AE5E106B}
		{14983C35-FAC1-492A-948C-33AD4174CF36} = {1BFE8118-6D05-49FB-921B-5A65AE5E106B}
	EndGlobalSection
	GlobalSection(ExtensibilityGlobals) = postSolution
		SolutionGuid = {7C71D7A0-3229-4E51-8C50-BF7C66027D04}
	EndGlobalSection
EndGlobal
